# This file is automatically @generated by Cargo.
# It is not intended for manual editing.
version = 3

[[package]]
name = "RIMPiler"
version = "0.1.0"
dependencies = [
 "RIMPiler_frontend",
 "regex",
 "utilities",
]

[[package]]
name = "RIMPiler_frontend"
version = "0.1.0"
dependencies = [
 "regex",
 "utilities",
]

[[package]]
name = "regex"
version = "0.1.0"
dependencies = [
 "utilities",
]

[[package]]
name = "utilities"
version = "0.1.0"
